
Microsoft Visual Studio Solution File, Format Version 12.00
# Visual Studio Version 17
VisualStudioVersion = 17.9.34616.47
MinimumVisualStudioVersion = 10.0.40219.1
Project("{BDF4211E-5988-4AB1-B5CB-921F340C5A29}") = "APITempoDIO", "APITempoDIO\APITempoDIO.csproj", "{63E88F16-A122-46F4-B8C7-4199A69D2370}"
EndProject
Global
	GlobalSection(SolutionConfigurationPlatforms) = preSolution
		Debug|Any CPU = Debug|Any CPU
		Release|Any CPU = Release|Any CPU
	EndGlobalSection
	GlobalSection(ProjectConfigurationPlatforms) = postSolution
		{63E88F16-A122-46F4-B8C7-4199A69D2370}.Debug|Any CPU.ActiveCfg = Debug|Any CPU
		{63E88F16-A122-46F4-B8C7-4199A69D2370}.Debug|Any CPU.Build.0 = Debug|Any CPU
		{63E88F16-A122-46F4-B8C7-4199A69D2370}.Release|Any CPU.ActiveCfg = Release|Any CPU
		{63E88F16-A122-46F4-B8C7-4199A69D2370}.Release|Any CPU.Build.0 = Release|Any CPU
	EndGlobalSection
	GlobalSection(SolutionProperties) = preSolution
		HideSolutionNode = FALSE
	EndGlobalSection
	GlobalSection(ExtensibilityGlobals) = postSolution
		SolutionGuid = {B0CF3BEC-815A-47F8-A7B0-7F67FED3884A}
	EndGlobalSection
EndGlobal
